
Microsoft Visual Studio Solution File, Format Version 12.00
# Visual Studio Version 17
VisualStudioVersion = 17.1.32210.238
MinimumVisualStudioVersion = 10.0.40219.1
Project("{FAE04EC0-301F-11D3-BF4B-00C04F79EFBC}") = "Cliente.API", "Cliente.API\Cliente.API.csproj", "{D49E29BC-BA56-44A8-BD4E-0AB386C8890B}"
EndProject
Project("{FAE04EC0-301F-11D3-BF4B-00C04F79EFBC}") = "Cliente.Domain", "Cliente.Domain\Cliente.Domain.csproj", "{9097AFAA-476B-453D-90DE-6CB0D8A49D34}"
EndProject
Project("{FAE04EC0-301F-11D3-BF4B-00C04F79EFBC}") = "Cliente.Infrastructure", "Cliente.Infrastructure\Cliente.Infrastructure.csproj", "{FE1BB342-692F-43D1-9B1B-B12EC7755121}"
EndProject
Global
	GlobalSection(SolutionConfigurationPlatforms) = preSolution
		Debug|Any CPU = Debug|Any CPU
		Release|Any CPU = Release|Any CPU
	EndGlobalSection
	GlobalSection(ProjectConfigurationPlatforms) = postSolution
		{D49E29BC-BA56-44A8-BD4E-0AB386C8890B}.Debug|Any CPU.ActiveCfg = Debug|Any CPU
		{D49E29BC-BA56-44A8-BD4E-0AB386C8890B}.Debug|Any CPU.Build.0 = Debug|Any CPU
		{D49E29BC-BA56-44A8-BD4E-0AB386C8890B}.Release|Any CPU.ActiveCfg = Release|Any CPU
		{D49E29BC-BA56-44A8-BD4E-0AB386C8890B}.Release|Any CPU.Build.0 = Release|Any CPU
		{9097AFAA-476B-453D-90DE-6CB0D8A49D34}.Debug|Any CPU.ActiveCfg = Debug|Any CPU
		{9097AFAA-476B-453D-90DE-6CB0D8A49D34}.Debug|Any CPU.Build.0 = Debug|Any CPU
		{9097AFAA-476B-453D-90DE-6CB0D8A49D34}.Release|Any CPU.ActiveCfg = Release|Any CPU
		{9097AFAA-476B-453D-90DE-6CB0D8A49D34}.Release|Any CPU.Build.0 = Release|Any CPU
		{FE1BB342-692F-43D1-9B1B-B12EC7755121}.Debug|Any CPU.ActiveCfg = Debug|Any CPU
		{FE1BB342-692F-43D1-9B1B-B12EC7755121}.Debug|Any CPU.Build.0 = Debug|Any CPU
		{FE1BB342-692F-43D1-9B1B-B12EC7755121}.Release|Any CPU.ActiveCfg = Release|Any CPU
		{FE1BB342-692F-43D1-9B1B-B12EC7755121}.Release|Any CPU.Build.0 = Release|Any CPU
	EndGlobalSection
	GlobalSection(SolutionProperties) = preSolution
		HideSolutionNode = FALSE
	EndGlobalSection
	GlobalSection(ExtensibilityGlobals) = postSolution
		SolutionGuid = {85A23E46-821F-4AA1-A633-E07BF2D826B5}
	EndGlobalSection
EndGlobal
